
Microsoft Visual Studio Solution File, Format Version 12.00
# Visual Studio Version 17
VisualStudioVersion = 17.1.32407.343
MinimumVisualStudioVersion = 10.0.40219.1
Project("{9A19103F-16F7-4668-BE54-9A1E7A4F7556}") = "Exacore", "Exacore\Exacore.csproj", "{C26F0110-3BAC-4148-AFFA-9DAF13E2E7F5}"
EndProject
Project("{FAE04EC0-301F-11D3-BF4B-00C04F79EFBC}") = "ConsoleApp", "ConsoleApp\ConsoleApp.csproj", "{FCA5F88C-32A5-4591-8F50-0E02678B4C4A}"
EndProject
Project("{FAE04EC0-301F-11D3-BF4B-00C04F79EFBC}") = "ConsoleAppCore", "ConsoleAppCore\ConsoleAppCore.csproj", "{D750BDF0-95EE-40B2-8752-50F85A51E3CC}"
EndProject
Global
	GlobalSection(SolutionConfigurationPlatforms) = preSolution
		Debug|Any CPU = Debug|Any CPU
		Release|Any CPU = Release|Any CPU
	EndGlobalSection
	GlobalSection(ProjectConfigurationPlatforms) = postSolution
		{C26F0110-3BAC-4148-AFFA-9DAF13E2E7F5}.Debug|Any CPU.ActiveCfg = Debug|Any CPU
		{C26F0110-3BAC-4148-AFFA-9DAF13E2E7F5}.Debug|Any CPU.Build.0 = Debug|Any CPU
		{C26F0110-3BAC-4148-AFFA-9DAF13E2E7F5}.Release|Any CPU.ActiveCfg = Release|Any CPU
		{C26F0110-3BAC-4148-AFFA-9DAF13E2E7F5}.Release|Any CPU.Build.0 = Release|Any CPU
		{FCA5F88C-32A5-4591-8F50-0E02678B4C4A}.Debug|Any CPU.ActiveCfg = Debug|Any CPU
		{FCA5F88C-32A5-4591-8F50-0E02678B4C4A}.Debug|Any CPU.Build.0 = Debug|Any CPU
		{FCA5F88C-32A5-4591-8F50-0E02678B4C4A}.Release|Any CPU.ActiveCfg = Release|Any CPU
		{FCA5F88C-32A5-4591-8F50-0E02678B4C4A}.Release|Any CPU.Build.0 = Release|Any CPU
		{D750BDF0-95EE-40B2-8752-50F85A51E3CC}.Debug|Any CPU.ActiveCfg = Debug|Any CPU
		{D750BDF0-95EE-40B2-8752-50F85A51E3CC}.Debug|Any CPU.Build.0 = Debug|Any CPU
		{D750BDF0-95EE-40B2-8752-50F85A51E3CC}.Release|Any CPU.ActiveCfg = Release|Any CPU
		{D750BDF0-95EE-40B2-8752-50F85A51E3CC}.Release|Any CPU.Build.0 = Release|Any CPU
	EndGlobalSection
	GlobalSection(SolutionProperties) = preSolution
		HideSolutionNode = FALSE
	EndGlobalSection
	GlobalSection(ExtensibilityGlobals) = postSolution
		SolutionGuid = {DF3A0C36-6309-49DF-BE75-C6E752E5BE0C}
	EndGlobalSection
EndGlobal
